
Microsoft Visual Studio Solution File, Format Version 12.00
# Visual Studio Version 16
VisualStudioVersion = 16.0.34031.81
MinimumVisualStudioVersion = 10.0.40219.1
Project("{888888A0-9F3D-457C-B088-3A5042F75D52}") = "practica 8 de python", "practica 8 de python\practica 8 de python.pyproj", "{980C6EE0-808F-44EA-ABE7-AA6F49EAF7B9}"
EndProject
Global
	GlobalSection(SolutionConfigurationPlatforms) = preSolution
		Debug|Any CPU = Debug|Any CPU
		Release|Any CPU = Release|Any CPU
	EndGlobalSection
	GlobalSection(ProjectConfigurationPlatforms) = postSolution
		{980C6EE0-808F-44EA-ABE7-AA6F49EAF7B9}.Debug|Any CPU.ActiveCfg = Debug|Any CPU
		{980C6EE0-808F-44EA-ABE7-AA6F49EAF7B9}.Release|Any CPU.ActiveCfg = Release|Any CPU
	EndGlobalSection
	GlobalSection(SolutionProperties) = preSolution
		HideSolutionNode = FALSE
	EndGlobalSection
	GlobalSection(ExtensibilityGlobals) = postSolution
		SolutionGuid = {655B02A9-A58C-4274-BD76-5F4C9EF89E10}
	EndGlobalSection
EndGlobal
